
Microsoft Visual Studio Solution File, Format Version 12.00
# Visual Studio Version 17
VisualStudioVersion = 17.0.31903.59
MinimumVisualStudioVersion = 10.0.40219.1
Project("{FAE04EC0-301F-11D3-BF4B-00C04F79EFBC}") = "MicrosoftPinyinCleaner", "MicrosoftPinyinCleaner\MicrosoftPinyinCleaner.csproj", "{91DB7909-2B0A-4CB9-B740-464658B2A9C1}"
EndProject
Project("{FAE04EC0-301F-11D3-BF4B-00C04F79EFBC}") = "MicrosoftPinyinCleaner.Tests", "MicrosoftPinyinCleaner.Tests\MicrosoftPinyinCleaner.Tests.csproj", "{A8DA3130-3DA9-42A0-B531-67486610245B}"
EndProject
Global
	GlobalSection(SolutionConfigurationPlatforms) = preSolution
		Debug|Any CPU = Debug|Any CPU
		Release|Any CPU = Release|Any CPU
	EndGlobalSection
	GlobalSection(ProjectConfigurationPlatforms) = postSolution
		{91DB7909-2B0A-4CB9-B740-464658B2A9C1}.Debug|Any CPU.ActiveCfg = Debug|Any CPU
		{91DB7909-2B0A-4CB9-B740-464658B2A9C1}.Debug|Any CPU.Build.0 = Debug|Any CPU
		{91DB7909-2B0A-4CB9-B740-464658B2A9C1}.Release|Any CPU.ActiveCfg = Release|Any CPU
		{91DB7909-2B0A-4CB9-B740-464658B2A9C1}.Release|Any CPU.Build.0 = Release|Any CPU
		{A8DA3130-3DA9-42A0-B531-67486610245B}.Debug|Any CPU.ActiveCfg = Debug|Any CPU
		{A8DA3130-3DA9-42A0-B531-67486610245B}.Debug|Any CPU.Build.0 = Debug|Any CPU
		{A8DA3130-3DA9-42A0-B531-67486610245B}.Release|Any CPU.ActiveCfg = Release|Any CPU
		{A8DA3130-3DA9-42A0-B531-67486610245B}.Release|Any CPU.Build.0 = Release|Any CPU
	EndGlobalSection
EndGlobal
